
Microsoft Visual Studio Solution File, Format Version 12.00
# Visual Studio Version 17
VisualStudioVersion = 17.9.34728.123
MinimumVisualStudioVersion = 10.0.40219.1
Project("{FAE04EC0-301F-11D3-BF4B-00C04F79EFBC}") = "BE-Teaching", "BE-Teaching\BE-Teaching.csproj", "{1A20CF41-A5D2-417A-B283-A17B27A8381D}"
EndProject
Global
	GlobalSection(SolutionConfigurationPlatforms) = preSolution
		Debug|Any CPU = Debug|Any CPU
		Release|Any CPU = Release|Any CPU
	EndGlobalSection
	GlobalSection(ProjectConfigurationPlatforms) = postSolution
		{1A20CF41-A5D2-417A-B283-A17B27A8381D}.Debug|Any CPU.ActiveCfg = Debug|Any CPU
		{1A20CF41-A5D2-417A-B283-A17B27A8381D}.Debug|Any CPU.Build.0 = Debug|Any CPU
		{1A20CF41-A5D2-417A-B283-A17B27A8381D}.Release|Any CPU.ActiveCfg = Release|Any CPU
		{1A20CF41-A5D2-417A-B283-A17B27A8381D}.Release|Any CPU.Build.0 = Release|Any CPU
	EndGlobalSection
	GlobalSection(SolutionProperties) = preSolution
		HideSolutionNode = FALSE
	EndGlobalSection
	GlobalSection(ExtensibilityGlobals) = postSolution
		SolutionGuid = {DFABA466-2EF7-40A7-8249-7BC07520B1CF}
	EndGlobalSection
EndGlobal
